
Microsoft Visual Studio Solution File, Format Version 12.00
# Visual Studio Version 17
VisualStudioVersion = 17.2.32630.192
MinimumVisualStudioVersion = 10.0.40219.1
Project("{FAE04EC0-301F-11D3-BF4B-00C04F79EFBC}") = "CalendarWebApi", "CalendarWebApi\CalendarWebApi.csproj", "{81719629-3B38-4D95-BF73-37BA5F3498A0}"
EndProject
Global
	GlobalSection(SolutionConfigurationPlatforms) = preSolution
		Debug|Any CPU = Debug|Any CPU
		Release|Any CPU = Release|Any CPU
	EndGlobalSection
	GlobalSection(ProjectConfigurationPlatforms) = postSolution
		{81719629-3B38-4D95-BF73-37BA5F3498A0}.Debug|Any CPU.ActiveCfg = Debug|Any CPU
		{81719629-3B38-4D95-BF73-37BA5F3498A0}.Debug|Any CPU.Build.0 = Debug|Any CPU
		{81719629-3B38-4D95-BF73-37BA5F3498A0}.Release|Any CPU.ActiveCfg = Release|Any CPU
		{81719629-3B38-4D95-BF73-37BA5F3498A0}.Release|Any CPU.Build.0 = Release|Any CPU
	EndGlobalSection
	GlobalSection(SolutionProperties) = preSolution
		HideSolutionNode = FALSE
	EndGlobalSection
	GlobalSection(ExtensibilityGlobals) = postSolution
		SolutionGuid = {1C03580A-E03F-41C1-8BEA-021F62706F6A}
	EndGlobalSection
EndGlobal
